{
  "name": "ascella-embeds",
  "lockfileVersion": 2,
  "requires": true,
  "packages": {
    "../ascella-common": {
      "version": "1.0.0",
      "extraneous": true,
      "license": "MIT",
      "dependencies": {
        "@bitauth/libauth": "^1.17.1"
      },
      "devDependencies": {
        "@ava/typescript": "^1.1.1",
        "@istanbuljs/nyc-config-typescript": "^1.0.1",
        "ava": "^3.12.1",
        "nyc": "^15.1.0",
        "open-cli": "^6.0.1",
        "prettier": "^2.1.1",
        "standard-version": "^9.0.0",
        "ts-node": "^9.0.0",
        "typescript": "^4.0.2"
      },
      "engines": {
        "node": ">=10"
      }
    }
  }
}
